// !$*UTF8*$!
{
	archiveVersion = 1;
	classes = {
	};
	objectVersion = 46;
	objects = {

/* Begin PBXBuildFile section */
		C43BEE482008B01100B3DD2E /* FZAddPigmentFilter.m in Sources */ = {isa = PBXBuildFile; fileRef = C43BEE472008B01100B3DD2E /* FZAddPigmentFilter.m */; };
		C445E126200C401A009A4E36 /* FZFramebufferPingPong.m in Sources */ = {isa = PBXBuildFile; fileRef = C445E125200C401A009A4E36 /* FZFramebufferPingPong.m */; };
		C445E12A200C9B47009A4E36 /* FZPassthroughFilter.m in Sources */ = {isa = PBXBuildFile; fileRef = C445E129200C9B47009A4E36 /* FZPassthroughFilter.m */; };
		C45866A51FFF4BE100BCBC5E /* FZFramebuffer.m in Sources */ = {isa = PBXBuildFile; fileRef = C45866A41FFF4BE100BCBC5E /* FZFramebuffer.m */; };
		C45866C61FFF76D200BCBC5E /* TestDraw.m in Sources */ = {isa = PBXBuildFile; fileRef = C45866C51FFF76D200BCBC5E /* TestDraw.m */; };
		C4690A6A1FF645AE009E9600 /* alum.jpg in Resources */ = {isa = PBXBuildFile; fileRef = C4690A631FF645AE009E9600 /* alum.jpg */; };
		C4690A6B1FF645AE009E9600 /* alum2.jpg in Resources */ = {isa = PBXBuildFile; fileRef = C4690A641FF645AE009E9600 /* alum2.jpg */; };
		C4690A6C1FF645AE009E9600 /* alum3.jpg in Resources */ = {isa = PBXBuildFile; fileRef = C4690A651FF645AE009E9600 /* alum3.jpg */; };
		C4690A6D1FF645AE009E9600 /* grain.jpg in Resources */ = {isa = PBXBuildFile; fileRef = C4690A661FF645AE009E9600 /* grain.jpg */; };
		C4690A6E1FF645AE009E9600 /* grain2.jpg in Resources */ = {isa = PBXBuildFile; fileRef = C4690A671FF645AE009E9600 /* grain2.jpg */; };
		C4690A6F1FF645AE009E9600 /* pinning.jpg in Resources */ = {isa = PBXBuildFile; fileRef = C4690A681FF645AE009E9600 /* pinning.jpg */; };
		C4690A701FF645AE009E9600 /* pinning2.jpg in Resources */ = {isa = PBXBuildFile; fileRef = C4690A691FF645AE009E9600 /* pinning2.jpg */; };
		C46A0B811FFB68790055FCDC /* AddPigment.glsl in Resources */ = {isa = PBXBuildFile; fileRef = C46A0B6F1FFB68790055FCDC /* AddPigment.glsl */; };
		C46A0B821FFB68790055FCDC /* AddWater.glsl in Resources */ = {isa = PBXBuildFile; fileRef = C46A0B701FFB68790055FCDC /* AddWater.glsl */; };
		C46A0B831FFB68790055FCDC /* Block.glsl in Resources */ = {isa = PBXBuildFile; fileRef = C46A0B711FFB68790055FCDC /* Block.glsl */; };
		C46A0B841FFB68790055FCDC /* Collide1.glsl in Resources */ = {isa = PBXBuildFile; fileRef = C46A0B721FFB68790055FCDC /* Collide1.glsl */; };
		C46A0B851FFB68790055FCDC /* Collide2.glsl in Resources */ = {isa = PBXBuildFile; fileRef = C46A0B731FFB68790055FCDC /* Collide2.glsl */; };
		C46A0B861FFB68790055FCDC /* Gap.glsl in Resources */ = {isa = PBXBuildFile; fileRef = C46A0B741FFB68790055FCDC /* Gap.glsl */; };
		C46A0B871FFB68790055FCDC /* GetVelDen.glsl in Resources */ = {isa = PBXBuildFile; fileRef = C46A0B751FFB68790055FCDC /* GetVelDen.glsl */; };
		C46A0B881FFB68790055FCDC /* GetXYZ.glsl in Resources */ = {isa = PBXBuildFile; fileRef = C46A0B761FFB68790055FCDC /* GetXYZ.glsl */; };
		C46A0B891FFB68790055FCDC /* GetZ.glsl in Resources */ = {isa = PBXBuildFile; fileRef = C46A0B771FFB68790055FCDC /* GetZ.glsl */; };
		C46A0B8A1FFB68790055FCDC /* Ink.glsl in Resources */ = {isa = PBXBuildFile; fileRef = C46A0B781FFB68790055FCDC /* Ink.glsl */; };
		C46A0B8B1FFB68790055FCDC /* Ink.vsh in Resources */ = {isa = PBXBuildFile; fileRef = C46A0B791FFB68790055FCDC /* Ink.vsh */; };
		C46A0B8C1FFB68790055FCDC /* InkFlow.glsl in Resources */ = {isa = PBXBuildFile; fileRef = C46A0B7A1FFB68790055FCDC /* InkFlow.glsl */; };
		C46A0B8D1FFB68790055FCDC /* InkSupply.glsl in Resources */ = {isa = PBXBuildFile; fileRef = C46A0B7B1FFB68790055FCDC /* InkSupply.glsl */; };
		C46A0B8E1FFB68790055FCDC /* InkXAmt.glsl in Resources */ = {isa = PBXBuildFile; fileRef = C46A0B7C1FFB68790055FCDC /* InkXAmt.glsl */; };
		C46A0B8F1FFB68790055FCDC /* InkXFr.glsl in Resources */ = {isa = PBXBuildFile; fileRef = C46A0B7D1FFB68790055FCDC /* InkXFr.glsl */; };
		C46A0B901FFB68790055FCDC /* InkXTo.glsl in Resources */ = {isa = PBXBuildFile; fileRef = C46A0B7E1FFB68790055FCDC /* InkXTo.glsl */; };
		C46A0B911FFB68790055FCDC /* Stream1.glsl in Resources */ = {isa = PBXBuildFile; fileRef = C46A0B7F1FFB68790055FCDC /* Stream1.glsl */; };
		C46A0B921FFB68790055FCDC /* Stream2.glsl in Resources */ = {isa = PBXBuildFile; fileRef = C46A0B801FFB68790055FCDC /* Stream2.glsl */; };
		C46A0B961FFB6A010055FCDC /* FZInkSim.m in Sources */ = {isa = PBXBuildFile; fileRef = C46A0B951FFB6A010055FCDC /* FZInkSim.m */; };
		C46C5B121FFCA94E00B3F259 /* FZTexture.m in Sources */ = {isa = PBXBuildFile; fileRef = C46C5B111FFCA94E00B3F259 /* FZTexture.m */; };
		C4B106162011C85100162533 /* FZAddWaterFilter.m in Sources */ = {isa = PBXBuildFile; fileRef = C4B106152011C85100162533 /* FZAddWaterFilter.m */; };
		C4B1062E2011F76B00162533 /* FZBlockFilter.m in Sources */ = {isa = PBXBuildFile; fileRef = C4B1062D2011F76B00162533 /* FZBlockFilter.m */; };
		C4B106312011F78600162533 /* FZCollide1Filter.m in Sources */ = {isa = PBXBuildFile; fileRef = C4B106302011F78600162533 /* FZCollide1Filter.m */; };
		C4B106342011F7B200162533 /* FZCollide2Filter.m in Sources */ = {isa = PBXBuildFile; fileRef = C4B106332011F7B200162533 /* FZCollide2Filter.m */; };
		C4B106372011F7DB00162533 /* FZGapFilter.m in Sources */ = {isa = PBXBuildFile; fileRef = C4B106362011F7DB00162533 /* FZGapFilter.m */; };
		C4B1063A2011F7F600162533 /* FZGetVelDenFilter.m in Sources */ = {isa = PBXBuildFile; fileRef = C4B106392011F7F600162533 /* FZGetVelDenFilter.m */; };
		C4B1063D2011F83300162533 /* FZGetXYZFilter.m in Sources */ = {isa = PBXBuildFile; fileRef = C4B1063C2011F83300162533 /* FZGetXYZFilter.m */; };
		C4B106402011F90500162533 /* FZGetZFilter.m in Sources */ = {isa = PBXBuildFile; fileRef = C4B1063F2011F90500162533 /* FZGetZFilter.m */; };
		C4B106432011F91400162533 /* FZInkFlowFilter.m in Sources */ = {isa = PBXBuildFile; fileRef = C4B106422011F91400162533 /* FZInkFlowFilter.m */; };
		C4B106462011F98000162533 /* FZInkFilter.m in Sources */ = {isa = PBXBuildFile; fileRef = C4B106452011F98000162533 /* FZInkFilter.m */; };
		C4B106492011F98E00162533 /* FZInkSupplyFilter.m in Sources */ = {isa = PBXBuildFile; fileRef = C4B106482011F98E00162533 /* FZInkSupplyFilter.m */; };
		C4B1064C2011F9F300162533 /* FZInkXAmtFilter.m in Sources */ = {isa = PBXBuildFile; fileRef = C4B1064B2011F9F300162533 /* FZInkXAmtFilter.m */; };
		C4B1064F2011FA0200162533 /* FZInkXFrFilter.m in Sources */ = {isa = PBXBuildFile; fileRef = C4B1064E2011FA0200162533 /* FZInkXFrFilter.m */; };
		C4B106522011FA3200162533 /* FZInkXToFilter.m in Sources */ = {isa = PBXBuildFile; fileRef = C4B106512011FA3200162533 /* FZInkXToFilter.m */; };
		C4B106552011FA9C00162533 /* FZStream1Filter.m in Sources */ = {isa = PBXBuildFile; fileRef = C4B106542011FA9C00162533 /* FZStream1Filter.m */; };
		C4B106582011FAAF00162533 /* FZStream2Filter.m in Sources */ = {isa = PBXBuildFile; fileRef = C4B106572011FAAF00162533 /* FZStream2Filter.m */; };
		C4C500591FF48BD7004DDC11 /* main.m in Sources */ = {isa = PBXBuildFile; fileRef = C4C500581FF48BD7004DDC11 /* main.m */; };
		C4C5005C1FF48BD7004DDC11 /* AppDelegate.m in Sources */ = {isa = PBXBuildFile; fileRef = C4C5005B1FF48BD7004DDC11 /* AppDelegate.m */; };
		C4C5005F1FF48BD7004DDC11 /* ViewController.m in Sources */ = {isa = PBXBuildFile; fileRef = C4C5005E1FF48BD7004DDC11 /* ViewController.m */; };
		C4C500621FF48BD7004DDC11 /* Main.storyboard in Resources */ = {isa = PBXBuildFile; fileRef = C4C500601FF48BD7004DDC11 /* Main.storyboard */; };
		C4C500641FF48BD7004DDC11 /* Assets.xcassets in Resources */ = {isa = PBXBuildFile; fileRef = C4C500631FF48BD7004DDC11 /* Assets.xcassets */; };
		C4C500671FF48BD7004DDC11 /* LaunchScreen.storyboard in Resources */ = {isa = PBXBuildFile; fileRef = C4C500651FF48BD7004DDC11 /* LaunchScreen.storyboard */; };
		C4C5006F1FF48DBD004DDC11 /* GPUImage.framework in Frameworks */ = {isa = PBXBuildFile; fileRef = C4C5006E1FF48DBD004DDC11 /* GPUImage.framework */; };
		C4C500761FF49B45004DDC11 /* FilterCircle.m in Sources */ = {isa = PBXBuildFile; fileRef = C4C500751FF49B45004DDC11 /* FilterCircle.m */; };
		C4C500791FF4C9D0004DDC11 /* FilterLine.m in Sources */ = {isa = PBXBuildFile; fileRef = C4C500781FF4C9D0004DDC11 /* FilterLine.m */; };
/* End PBXBuildFile section */

/* Begin PBXFileReference section */
		C43BEE462008B01100B3DD2E /* FZAddPigmentFilter.h */ = {isa = PBXFileReference; fileEncoding = 4; lastKnownFileType = sourcecode.c.h; path = FZAddPigmentFilter.h; sourceTree = "<group>"; };
		C43BEE472008B01100B3DD2E /* FZAddPigmentFilter.m */ = {isa = PBXFileReference; fileEncoding = 4; lastKnownFileType = sourcecode.c.objc; path = FZAddPigmentFilter.m; sourceTree = "<group>"; };
		C445E124200C401A009A4E36 /* FZFramebufferPingPong.h */ = {isa = PBXFileReference; fileEncoding = 4; lastKnownFileType = sourcecode.c.h; path = FZFramebufferPingPong.h; sourceTree = "<group>"; };
		C445E125200C401A009A4E36 /* FZFramebufferPingPong.m */ = {isa = PBXFileReference; fileEncoding = 4; lastKnownFileType = sourcecode.c.objc; path = FZFramebufferPingPong.m; sourceTree = "<group>"; };
		C445E128200C9B47009A4E36 /* FZPassthroughFilter.h */ = {isa = PBXFileReference; fileEncoding = 4; lastKnownFileType = sourcecode.c.h; path = FZPassthroughFilter.h; sourceTree = "<group>"; };
		C445E129200C9B47009A4E36 /* FZPassthroughFilter.m */ = {isa = PBXFileReference; fileEncoding = 4; lastKnownFileType = sourcecode.c.objc; path = FZPassthroughFilter.m; sourceTree = "<group>"; };
		C45866A31FFF4BE100BCBC5E /* FZFramebuffer.h */ = {isa = PBXFileReference; fileEncoding = 4; lastKnownFileType = sourcecode.c.h; path = FZFramebuffer.h; sourceTree = "<group>"; };
		C45866A41FFF4BE100BCBC5E /* FZFramebuffer.m */ = {isa = PBXFileReference; fileEncoding = 4; lastKnownFileType = sourcecode.c.objc; path = FZFramebuffer.m; sourceTree = "<group>"; };
		C45866C41FFF76D200BCBC5E /* TestDraw.h */ = {isa = PBXFileReference; fileEncoding = 4; lastKnownFileType = sourcecode.c.h; path = TestDraw.h; sourceTree = "<group>"; };
		C45866C51FFF76D200BCBC5E /* TestDraw.m */ = {isa = PBXFileReference; fileEncoding = 4; lastKnownFileType = sourcecode.c.objc; path = TestDraw.m; sourceTree = "<group>"; };
		C4690A631FF645AE009E9600 /* alum.jpg */ = {isa = PBXFileReference; lastKnownFileType = image.jpeg; path = alum.jpg; sourceTree = "<group>"; };
		C4690A641FF645AE009E9600 /* alum2.jpg */ = {isa = PBXFileReference; lastKnownFileType = image.jpeg; path = alum2.jpg; sourceTree = "<group>"; };
		C4690A651FF645AE009E9600 /* alum3.jpg */ = {isa = PBXFileReference; lastKnownFileType = image.jpeg; path = alum3.jpg; sourceTree = "<group>"; };
		C4690A661FF645AE009E9600 /* grain.jpg */ = {isa = PBXFileReference; lastKnownFileType = image.jpeg; path = grain.jpg; sourceTree = "<group>"; };
		C4690A671FF645AE009E9600 /* grain2.jpg */ = {isa = PBXFileReference; lastKnownFileType = image.jpeg; path = grain2.jpg; sourceTree = "<group>"; };
		C4690A681FF645AE009E9600 /* pinning.jpg */ = {isa = PBXFileReference; lastKnownFileType = image.jpeg; path = pinning.jpg; sourceTree = "<group>"; };
		C4690A691FF645AE009E9600 /* pinning2.jpg */ = {isa = PBXFileReference; lastKnownFileType = image.jpeg; path = pinning2.jpg; sourceTree = "<group>"; };
		C46A0B6F1FFB68790055FCDC /* AddPigment.glsl */ = {isa = PBXFileReference; fileEncoding = 4; lastKnownFileType = text; path = AddPigment.glsl; sourceTree = "<group>"; };
		C46A0B701FFB68790055FCDC /* AddWater.glsl */ = {isa = PBXFileReference; fileEncoding = 4; lastKnownFileType = text; path = AddWater.glsl; sourceTree = "<group>"; };
		C46A0B711FFB68790055FCDC /* Block.glsl */ = {isa = PBXFileReference; fileEncoding = 4; lastKnownFileType = text; path = Block.glsl; sourceTree = "<group>"; };
		C46A0B721FFB68790055FCDC /* Collide1.glsl */ = {isa = PBXFileReference; fileEncoding = 4; lastKnownFileType = text; path = Collide1.glsl; sourceTree = "<group>"; };
		C46A0B731FFB68790055FCDC /* Collide2.glsl */ = {isa = PBXFileReference; fileEncoding = 4; lastKnownFileType = text; path = Collide2.glsl; sourceTree = "<group>"; };
		C46A0B741FFB68790055FCDC /* Gap.glsl */ = {isa = PBXFileReference; fileEncoding = 4; lastKnownFileType = text; path = Gap.glsl; sourceTree = "<group>"; };
		C46A0B751FFB68790055FCDC /* GetVelDen.glsl */ = {isa = PBXFileReference; fileEncoding = 4; lastKnownFileType = text; path = GetVelDen.glsl; sourceTree = "<group>"; };
		C46A0B761FFB68790055FCDC /* GetXYZ.glsl */ = {isa = PBXFileReference; fileEncoding = 4; lastKnownFileType = text; path = GetXYZ.glsl; sourceTree = "<group>"; };
		C46A0B771FFB68790055FCDC /* GetZ.glsl */ = {isa = PBXFileReference; fileEncoding = 4; lastKnownFileType = text; path = GetZ.glsl; sourceTree = "<group>"; };
		C46A0B781FFB68790055FCDC /* Ink.glsl */ = {isa = PBXFileReference; fileEncoding = 4; lastKnownFileType = text; path = Ink.glsl; sourceTree = "<group>"; };
		C46A0B791FFB68790055FCDC /* Ink.vsh */ = {isa = PBXFileReference; fileEncoding = 4; lastKnownFileType = sourcecode.glsl; path = Ink.vsh; sourceTree = "<group>"; };
		C46A0B7A1FFB68790055FCDC /* InkFlow.glsl */ = {isa = PBXFileReference; fileEncoding = 4; lastKnownFileType = text; path = InkFlow.glsl; sourceTree = "<group>"; };
		C46A0B7B1FFB68790055FCDC /* InkSupply.glsl */ = {isa = PBXFileReference; fileEncoding = 4; lastKnownFileType = text; path = InkSupply.glsl; sourceTree = "<group>"; };
		C46A0B7C1FFB68790055FCDC /* InkXAmt.glsl */ = {isa = PBXFileReference; fileEncoding = 4; lastKnownFileType = text; path = InkXAmt.glsl; sourceTree = "<group>"; };
		C46A0B7D1FFB68790055FCDC /* InkXFr.glsl */ = {isa = PBXFileReference; fileEncoding = 4; lastKnownFileType = text; path = InkXFr.glsl; sourceTree = "<group>"; };
		C46A0B7E1FFB68790055FCDC /* InkXTo.glsl */ = {isa = PBXFileReference; fileEncoding = 4; lastKnownFileType = text; path = InkXTo.glsl; sourceTree = "<group>"; };
		C46A0B7F1FFB68790055FCDC /* Stream1.glsl */ = {isa = PBXFileReference; fileEncoding = 4; lastKnownFileType = text; path = Stream1.glsl; sourceTree = "<group>"; };
		C46A0B801FFB68790055FCDC /* Stream2.glsl */ = {isa = PBXFileReference; fileEncoding = 4; lastKnownFileType = text; path = Stream2.glsl; sourceTree = "<group>"; };
		C46A0B941FFB6A010055FCDC /* FZInkSim.h */ = {isa = PBXFileReference; fileEncoding = 4; lastKnownFileType = sourcecode.c.h; path = FZInkSim.h; sourceTree = "<group>"; };
		C46A0B951FFB6A010055FCDC /* FZInkSim.m */ = {isa = PBXFileReference; fileEncoding = 4; lastKnownFileType = sourcecode.c.objc; path = FZInkSim.m; sourceTree = "<group>"; };
		C46C5B101FFCA94E00B3F259 /* FZTexture.h */ = {isa = PBXFileReference; fileEncoding = 4; lastKnownFileType = sourcecode.c.h; path = FZTexture.h; sourceTree = "<group>"; };
		C46C5B111FFCA94E00B3F259 /* FZTexture.m */ = {isa = PBXFileReference; fileEncoding = 4; lastKnownFileType = sourcecode.c.objc; path = FZTexture.m; sourceTree = "<group>"; };
		C4B106142011C85100162533 /* FZAddWaterFilter.h */ = {isa = PBXFileReference; fileEncoding = 4; lastKnownFileType = sourcecode.c.h; path = FZAddWaterFilter.h; sourceTree = "<group>"; };
		C4B106152011C85100162533 /* FZAddWaterFilter.m */ = {isa = PBXFileReference; fileEncoding = 4; lastKnownFileType = sourcecode.c.objc; path = FZAddWaterFilter.m; sourceTree = "<group>"; };
		C4B1062C2011F76B00162533 /* FZBlockFilter.h */ = {isa = PBXFileReference; fileEncoding = 4; lastKnownFileType = sourcecode.c.h; path = FZBlockFilter.h; sourceTree = "<group>"; };
		C4B1062D2011F76B00162533 /* FZBlockFilter.m */ = {isa = PBXFileReference; fileEncoding = 4; lastKnownFileType = sourcecode.c.objc; path = FZBlockFilter.m; sourceTree = "<group>"; };
		C4B1062F2011F78600162533 /* FZCollide1Filter.h */ = {isa = PBXFileReference; fileEncoding = 4; lastKnownFileType = sourcecode.c.h; path = FZCollide1Filter.h; sourceTree = "<group>"; };
		C4B106302011F78600162533 /* FZCollide1Filter.m */ = {isa = PBXFileReference; fileEncoding = 4; lastKnownFileType = sourcecode.c.objc; path = FZCollide1Filter.m; sourceTree = "<group>"; };
		C4B106322011F7B200162533 /* FZCollide2Filter.h */ = {isa = PBXFileReference; fileEncoding = 4; lastKnownFileType = sourcecode.c.h; path = FZCollide2Filter.h; sourceTree = "<group>"; };
		C4B106332011F7B200162533 /* FZCollide2Filter.m */ = {isa = PBXFileReference; fileEncoding = 4; lastKnownFileType = sourcecode.c.objc; path = FZCollide2Filter.m; sourceTree = "<group>"; };
		C4B106352011F7DB00162533 /* FZGapFilter.h */ = {isa = PBXFileReference; fileEncoding = 4; lastKnownFileType = sourcecode.c.h; path = FZGapFilter.h; sourceTree = "<group>"; };
		C4B106362011F7DB00162533 /* FZGapFilter.m */ = {isa = PBXFileReference; fileEncoding = 4; lastKnownFileType = sourcecode.c.objc; path = FZGapFilter.m; sourceTree = "<group>"; };
		C4B106382011F7F600162533 /* FZGetVelDenFilter.h */ = {isa = PBXFileReference; fileEncoding = 4; lastKnownFileType = sourcecode.c.h; path = FZGetVelDenFilter.h; sourceTree = "<group>"; };
		C4B106392011F7F600162533 /* FZGetVelDenFilter.m */ = {isa = PBXFileReference; fileEncoding = 4; lastKnownFileType = sourcecode.c.objc; path = FZGetVelDenFilter.m; sourceTree = "<group>"; };
		C4B1063B2011F83300162533 /* FZGetXYZFilter.h */ = {isa = PBXFileReference; fileEncoding = 4; lastKnownFileType = sourcecode.c.h; path = FZGetXYZFilter.h; sourceTree = "<group>"; };
		C4B1063C2011F83300162533 /* FZGetXYZFilter.m */ = {isa = PBXFileReference; fileEncoding = 4; lastKnownFileType = sourcecode.c.objc; path = FZGetXYZFilter.m; sourceTree = "<group>"; };
		C4B1063E2011F90500162533 /* FZGetZFilter.h */ = {isa = PBXFileReference; fileEncoding = 4; lastKnownFileType = sourcecode.c.h; path = FZGetZFilter.h; sourceTree = "<group>"; };
		C4B1063F2011F90500162533 /* FZGetZFilter.m */ = {isa = PBXFileReference; fileEncoding = 4; lastKnownFileType = sourcecode.c.objc; path = FZGetZFilter.m; sourceTree = "<group>"; };
		C4B106412011F91400162533 /* FZInkFlowFilter.h */ = {isa = PBXFileReference; fileEncoding = 4; lastKnownFileType = sourcecode.c.h; path = FZInkFlowFilter.h; sourceTree = "<group>"; };
		C4B106422011F91400162533 /* FZInkFlowFilter.m */ = {isa = PBXFileReference; fileEncoding = 4; lastKnownFileType = sourcecode.c.objc; path = FZInkFlowFilter.m; sourceTree = "<group>"; };
		C4B106442011F98000162533 /* FZInkFilter.h */ = {isa = PBXFileReference; fileEncoding = 4; lastKnownFileType = sourcecode.c.h; path = FZInkFilter.h; sourceTree = "<group>"; };
		C4B106452011F98000162533 /* FZInkFilter.m */ = {isa = PBXFileReference; fileEncoding = 4; lastKnownFileType = sourcecode.c.objc; path = FZInkFilter.m; sourceTree = "<group>"; };
		C4B106472011F98E00162533 /* FZInkSupplyFilter.h */ = {isa = PBXFileReference; fileEncoding = 4; lastKnownFileType = sourcecode.c.h; path = FZInkSupplyFilter.h; sourceTree = "<group>"; };
		C4B106482011F98E00162533 /* FZInkSupplyFilter.m */ = {isa = PBXFileReference; fileEncoding = 4; lastKnownFileType = sourcecode.c.objc; path = FZInkSupplyFilter.m; sourceTree = "<group>"; };
		C4B1064A2011F9F300162533 /* FZInkXAmtFilter.h */ = {isa = PBXFileReference; fileEncoding = 4; lastKnownFileType = sourcecode.c.h; path = FZInkXAmtFilter.h; sourceTree = "<group>"; };
		C4B1064B2011F9F300162533 /* FZInkXAmtFilter.m */ = {isa = PBXFileReference; fileEncoding = 4; lastKnownFileType = sourcecode.c.objc; path = FZInkXAmtFilter.m; sourceTree = "<group>"; };
		C4B1064D2011FA0200162533 /* FZInkXFrFilter.h */ = {isa = PBXFileReference; fileEncoding = 4; lastKnownFileType = sourcecode.c.h; path = FZInkXFrFilter.h; sourceTree = "<group>"; };
		C4B1064E2011FA0200162533 /* FZInkXFrFilter.m */ = {isa = PBXFileReference; fileEncoding = 4; lastKnownFileType = sourcecode.c.objc; path = FZInkXFrFilter.m; sourceTree = "<group>"; };
		C4B106502011FA3200162533 /* FZInkXToFilter.h */ = {isa = PBXFileReference; fileEncoding = 4; lastKnownFileType = sourcecode.c.h; path = FZInkXToFilter.h; sourceTree = "<group>"; };
		C4B106512011FA3200162533 /* FZInkXToFilter.m */ = {isa = PBXFileReference; fileEncoding = 4; lastKnownFileType = sourcecode.c.objc; path = FZInkXToFilter.m; sourceTree = "<group>"; };
		C4B106532011FA9C00162533 /* FZStream1Filter.h */ = {isa = PBXFileReference; fileEncoding = 4; lastKnownFileType = sourcecode.c.h; path = FZStream1Filter.h; sourceTree = "<group>"; };
		C4B106542011FA9C00162533 /* FZStream1Filter.m */ = {isa = PBXFileReference; fileEncoding = 4; lastKnownFileType = sourcecode.c.objc; path = FZStream1Filter.m; sourceTree = "<group>"; };
		C4B106562011FAAF00162533 /* FZStream2Filter.h */ = {isa = PBXFileReference; fileEncoding = 4; lastKnownFileType = sourcecode.c.h; path = FZStream2Filter.h; sourceTree = "<group>"; };
		C4B106572011FAAF00162533 /* FZStream2Filter.m */ = {isa = PBXFileReference; fileEncoding = 4; lastKnownFileType = sourcecode.c.objc; path = FZStream2Filter.m; sourceTree = "<group>"; };
		C4C500541FF48BD7004DDC11 /* GPUMultiFIlter.app */ = {isa = PBXFileReference; explicitFileType = wrapper.application; includeInIndex = 0; path = GPUMultiFIlter.app; sourceTree = BUILT_PRODUCTS_DIR; };
		C4C500581FF48BD7004DDC11 /* main.m */ = {isa = PBXFileReference; lastKnownFileType = sourcecode.c.objc; path = main.m; sourceTree = "<group>"; };
		C4C5005A1FF48BD7004DDC11 /* AppDelegate.h */ = {isa = PBXFileReference; lastKnownFileType = sourcecode.c.h; path = AppDelegate.h; sourceTree = "<group>"; };
		C4C5005B1FF48BD7004DDC11 /* AppDelegate.m */ = {isa = PBXFileReference; lastKnownFileType = sourcecode.c.objc; path = AppDelegate.m; sourceTree = "<group>"; };
		C4C5005D1FF48BD7004DDC11 /* ViewController.h */ = {isa = PBXFileReference; lastKnownFileType = sourcecode.c.h; path = ViewController.h; sourceTree = "<group>"; };
		C4C5005E1FF48BD7004DDC11 /* ViewController.m */ = {isa = PBXFileReference; lastKnownFileType = sourcecode.c.objc; path = ViewController.m; sourceTree = "<group>"; };
		C4C500611FF48BD7004DDC11 /* Base */ = {isa = PBXFileReference; lastKnownFileType = file.storyboard; name = Base; path = Base.lproj/Main.storyboard; sourceTree = "<group>"; };
		C4C500631FF48BD7004DDC11 /* Assets.xcassets */ = {isa = PBXFileReference; lastKnownFileType = folder.assetcatalog; path = Assets.xcassets; sourceTree = "<group>"; };
		C4C500661FF48BD7004DDC11 /* Base */ = {isa = PBXFileReference; lastKnownFileType = file.storyboard; name = Base; path = Base.lproj/LaunchScreen.storyboard; sourceTree = "<group>"; };
		C4C500681FF48BD7004DDC11 /* Info.plist */ = {isa = PBXFileReference; lastKnownFileType = text.plist.xml; path = Info.plist; sourceTree = "<group>"; };
		C4C5006E1FF48DBD004DDC11 /* GPUImage.framework */ = {isa = PBXFileReference; lastKnownFileType = wrapper.framework; path = GPUImage.framework; sourceTree = "<group>"; };
		C4C500741FF49B45004DDC11 /* FilterCircle.h */ = {isa = PBXFileReference; fileEncoding = 4; lastKnownFileType = sourcecode.c.h; path = FilterCircle.h; sourceTree = "<group>"; };
		C4C500751FF49B45004DDC11 /* FilterCircle.m */ = {isa = PBXFileReference; fileEncoding = 4; lastKnownFileType = sourcecode.c.objc; path = FilterCircle.m; sourceTree = "<group>"; };
		C4C500771FF4C9D0004DDC11 /* FilterLine.h */ = {isa = PBXFileReference; fileEncoding = 4; lastKnownFileType = sourcecode.c.h; path = FilterLine.h; sourceTree = "<group>"; };
		C4C500781FF4C9D0004DDC11 /* FilterLine.m */ = {isa = PBXFileReference; fileEncoding = 4; lastKnownFileType = sourcecode.c.objc; path = FilterLine.m; sourceTree = "<group>"; };
/* End PBXFileReference section */

/* Begin PBXFrameworksBuildPhase section */
		C4C500511FF48BD7004DDC11 /* Frameworks */ = {
			isa = PBXFrameworksBuildPhase;
			buildActionMask = 2147483647;
			files = (
				C4C5006F1FF48DBD004DDC11 /* GPUImage.framework in Frameworks */,
			);
			runOnlyForDeploymentPostprocessing = 0;
		};
/* End PBXFrameworksBuildPhase section */

/* Begin PBXGroup section */
		C4690A621FF64525009E9600 /* Resources */ = {
			isa = PBXGroup;
			children = (
				C4690A631FF645AE009E9600 /* alum.jpg */,
				C4690A641FF645AE009E9600 /* alum2.jpg */,
				C4690A651FF645AE009E9600 /* alum3.jpg */,
				C4690A661FF645AE009E9600 /* grain.jpg */,
				C4690A671FF645AE009E9600 /* grain2.jpg */,
				C4690A681FF645AE009E9600 /* pinning.jpg */,
				C4690A691FF645AE009E9600 /* pinning2.jpg */,
			);
			path = Resources;
			sourceTree = "<group>";
		};
		C46A0B6E1FFB68790055FCDC /* Shaders */ = {
			isa = PBXGroup;
			children = (
				C46A0B6F1FFB68790055FCDC /* AddPigment.glsl */,
				C46A0B701FFB68790055FCDC /* AddWater.glsl */,
				C46A0B711FFB68790055FCDC /* Block.glsl */,
				C46A0B721FFB68790055FCDC /* Collide1.glsl */,
				C46A0B731FFB68790055FCDC /* Collide2.glsl */,
				C46A0B741FFB68790055FCDC /* Gap.glsl */,
				C46A0B751FFB68790055FCDC /* GetVelDen.glsl */,
				C46A0B761FFB68790055FCDC /* GetXYZ.glsl */,
				C46A0B771FFB68790055FCDC /* GetZ.glsl */,
				C46A0B781FFB68790055FCDC /* Ink.glsl */,
				C46A0B791FFB68790055FCDC /* Ink.vsh */,
				C46A0B7A1FFB68790055FCDC /* InkFlow.glsl */,
				C46A0B7B1FFB68790055FCDC /* InkSupply.glsl */,
				C46A0B7C1FFB68790055FCDC /* InkXAmt.glsl */,
				C46A0B7D1FFB68790055FCDC /* InkXFr.glsl */,
				C46A0B7E1FFB68790055FCDC /* InkXTo.glsl */,
				C46A0B7F1FFB68790055FCDC /* Stream1.glsl */,
				C46A0B801FFB68790055FCDC /* Stream2.glsl */,
			);
			path = Shaders;
			sourceTree = "<group>";
		};
		C46A0B931FFB69680055FCDC /* Engine */ = {
			isa = PBXGroup;
			children = (
				C46A0B941FFB6A010055FCDC /* FZInkSim.h */,
				C46A0B951FFB6A010055FCDC /* FZInkSim.m */,
				C46C5B101FFCA94E00B3F259 /* FZTexture.h */,
				C46C5B111FFCA94E00B3F259 /* FZTexture.m */,
				C45866A31FFF4BE100BCBC5E /* FZFramebuffer.h */,
				C45866A41FFF4BE100BCBC5E /* FZFramebuffer.m */,
				C45866C41FFF76D200BCBC5E /* TestDraw.h */,
				C45866C51FFF76D200BCBC5E /* TestDraw.m */,
				C445E124200C401A009A4E36 /* FZFramebufferPingPong.h */,
				C445E125200C401A009A4E36 /* FZFramebufferPingPong.m */,
			);
			path = Engine;
			sourceTree = "<group>";
		};
		C4C5004B1FF48BD7004DDC11 = {
			isa = PBXGroup;
			children = (
				C4C500561FF48BD7004DDC11 /* GPUMultiFIlter */,
				C4C500551FF48BD7004DDC11 /* Products */,
			);
			sourceTree = "<group>";
		};
		C4C500551FF48BD7004DDC11 /* Products */ = {
			isa = PBXGroup;
			children = (
				C4C500541FF48BD7004DDC11 /* GPUMultiFIlter.app */,
			);
			name = Products;
			sourceTree = "<group>";
		};
		C4C500561FF48BD7004DDC11 /* GPUMultiFIlter */ = {
			isa = PBXGroup;
			children = (
				C46A0B931FFB69680055FCDC /* Engine */,
				C46A0B6E1FFB68790055FCDC /* Shaders */,
				C4690A621FF64525009E9600 /* Resources */,
				C4C500731FF49AFC004DDC11 /* Filters */,
				C4C5006E1FF48DBD004DDC11 /* GPUImage.framework */,
				C4C5005A1FF48BD7004DDC11 /* AppDelegate.h */,
				C4C5005B1FF48BD7004DDC11 /* AppDelegate.m */,
				C4C5005D1FF48BD7004DDC11 /* ViewController.h */,
				C4C5005E1FF48BD7004DDC11 /* ViewController.m */,
				C4C500601FF48BD7004DDC11 /* Main.storyboard */,
				C4C500631FF48BD7004DDC11 /* Assets.xcassets */,
				C4C500651FF48BD7004DDC11 /* LaunchScreen.storyboard */,
				C4C500681FF48BD7004DDC11 /* Info.plist */,
				C4C500571FF48BD7004DDC11 /* Supporting Files */,
			);
			path = GPUMultiFIlter;
			sourceTree = "<group>";
		};
		C4C500571FF48BD7004DDC11 /* Supporting Files */ = {
			isa = PBXGroup;
			children = (
				C4C500581FF48BD7004DDC11 /* main.m */,
			);
			name = "Supporting Files";
			sourceTree = "<group>";
		};
		C4C500731FF49AFC004DDC11 /* Filters */ = {
			isa = PBXGroup;
			children = (
				C4C500741FF49B45004DDC11 /* FilterCircle.h */,
				C4C500751FF49B45004DDC11 /* FilterCircle.m */,
				C4C500771FF4C9D0004DDC11 /* FilterLine.h */,
				C4C500781FF4C9D0004DDC11 /* FilterLine.m */,
				C43BEE462008B01100B3DD2E /* FZAddPigmentFilter.h */,
				C43BEE472008B01100B3DD2E /* FZAddPigmentFilter.m */,
				C445E128200C9B47009A4E36 /* FZPassthroughFilter.h */,
				C445E129200C9B47009A4E36 /* FZPassthroughFilter.m */,
				C4B106142011C85100162533 /* FZAddWaterFilter.h */,
				C4B106152011C85100162533 /* FZAddWaterFilter.m */,
				C4B1062C2011F76B00162533 /* FZBlockFilter.h */,
				C4B1062D2011F76B00162533 /* FZBlockFilter.m */,
				C4B1062F2011F78600162533 /* FZCollide1Filter.h */,
				C4B106302011F78600162533 /* FZCollide1Filter.m */,
				C4B106322011F7B200162533 /* FZCollide2Filter.h */,
				C4B106332011F7B200162533 /* FZCollide2Filter.m */,
				C4B106352011F7DB00162533 /* FZGapFilter.h */,
				C4B106362011F7DB00162533 /* FZGapFilter.m */,
				C4B106382011F7F600162533 /* FZGetVelDenFilter.h */,
				C4B106392011F7F600162533 /* FZGetVelDenFilter.m */,
				C4B1063B2011F83300162533 /* FZGetXYZFilter.h */,
				C4B1063C2011F83300162533 /* FZGetXYZFilter.m */,
				C4B1063E2011F90500162533 /* FZGetZFilter.h */,
				C4B1063F2011F90500162533 /* FZGetZFilter.m */,
				C4B106412011F91400162533 /* FZInkFlowFilter.h */,
				C4B106422011F91400162533 /* FZInkFlowFilter.m */,
				C4B106442011F98000162533 /* FZInkFilter.h */,
				C4B106452011F98000162533 /* FZInkFilter.m */,
				C4B106472011F98E00162533 /* FZInkSupplyFilter.h */,
				C4B106482011F98E00162533 /* FZInkSupplyFilter.m */,
				C4B1064A2011F9F300162533 /* FZInkXAmtFilter.h */,
				C4B1064B2011F9F300162533 /* FZInkXAmtFilter.m */,
				C4B1064D2011FA0200162533 /* FZInkXFrFilter.h */,
				C4B1064E2011FA0200162533 /* FZInkXFrFilter.m */,
				C4B106502011FA3200162533 /* FZInkXToFilter.h */,
				C4B106512011FA3200162533 /* FZInkXToFilter.m */,
				C4B106532011FA9C00162533 /* FZStream1Filter.h */,
				C4B106542011FA9C00162533 /* FZStream1Filter.m */,
				C4B106562011FAAF00162533 /* FZStream2Filter.h */,
				C4B106572011FAAF00162533 /* FZStream2Filter.m */,
			);
			path = Filters;
			sourceTree = "<group>";
		};
/* End PBXGroup section */

/* Begin PBXNativeTarget section */
		C4C500531FF48BD7004DDC11 /* GPUMultiFIlter */ = {
			isa = PBXNativeTarget;
			buildConfigurationList = C4C5006B1FF48BD7004DDC11 /* Build configuration list for PBXNativeTarget "GPUMultiFIlter" */;
			buildPhases = (
				C4C500501FF48BD7004DDC11 /* Sources */,
				C4C500511FF48BD7004DDC11 /* Frameworks */,
				C4C500521FF48BD7004DDC11 /* Resources */,
			);
			buildRules = (
			);
			dependencies = (
			);
			name = GPUMultiFIlter;
			productName = GPUMultiFIlter;
			productReference = C4C500541FF48BD7004DDC11 /* GPUMultiFIlter.app */;
			productType = "com.apple.product-type.application";
		};
/* End PBXNativeTarget section */

/* Begin PBXProject section */
		C4C5004C1FF48BD7004DDC11 /* Project object */ = {
			isa = PBXProject;
			attributes = {
				LastUpgradeCheck = 0830;
				ORGANIZATIONNAME = "周维鸥";
				TargetAttributes = {
					C4C500531FF48BD7004DDC11 = {
						CreatedOnToolsVersion = 8.3.1;
						DevelopmentTeam = A27D4545KT;
						ProvisioningStyle = Manual;
					};
				};
			};
			buildConfigurationList = C4C5004F1FF48BD7004DDC11 /* Build configuration list for PBXProject "GPUMultiFIlter" */;
			compatibilityVersion = "Xcode 3.2";
			developmentRegion = English;
			hasScannedForEncodings = 0;
			knownRegions = (
				en,
				Base,
			);
			mainGroup = C4C5004B1FF48BD7004DDC11;
			productRefGroup = C4C500551FF48BD7004DDC11 /* Products */;
			projectDirPath = "";
			projectRoot = "";
			targets = (
				C4C500531FF48BD7004DDC11 /* GPUMultiFIlter */,
			);
		};
/* End PBXProject section */

/* Begin PBXResourcesBuildPhase section */
		C4C500521FF48BD7004DDC11 /* Resources */ = {
			isa = PBXResourcesBuildPhase;
			buildActionMask = 2147483647;
			files = (
				C4690A701FF645AE009E9600 /* pinning2.jpg in Resources */,
				C46A0B8A1FFB68790055FCDC /* Ink.glsl in Resources */,
				C4C500671FF48BD7004DDC11 /* LaunchScreen.storyboard in Resources */,
				C4690A6D1FF645AE009E9600 /* grain.jpg in Resources */,
				C46A0B8B1FFB68790055FCDC /* Ink.vsh in Resources */,
				C46A0B8F1FFB68790055FCDC /* InkXFr.glsl in Resources */,
				C46A0B891FFB68790055FCDC /* GetZ.glsl in Resources */,
				C4690A6A1FF645AE009E9600 /* alum.jpg in Resources */,
				C46A0B811FFB68790055FCDC /* AddPigment.glsl in Resources */,
				C4C500641FF48BD7004DDC11 /* Assets.xcassets in Resources */,
				C4C500621FF48BD7004DDC11 /* Main.storyboard in Resources */,
				C4690A6E1FF645AE009E9600 /* grain2.jpg in Resources */,
				C46A0B901FFB68790055FCDC /* InkXTo.glsl in Resources */,
				C4690A6C1FF645AE009E9600 /* alum3.jpg in Resources */,
				C46A0B821FFB68790055FCDC /* AddWater.glsl in Resources */,
				C46A0B8D1FFB68790055FCDC /* InkSupply.glsl in Resources */,
				C4690A6F1FF645AE009E9600 /* pinning.jpg in Resources */,
				C46A0B851FFB68790055FCDC /* Collide2.glsl in Resources */,
				C46A0B8E1FFB68790055FCDC /* InkXAmt.glsl in Resources */,
				C46A0B881FFB68790055FCDC /* GetXYZ.glsl in Resources */,
				C46A0B831FFB68790055FCDC /* Block.glsl in Resources */,
				C46A0B911FFB68790055FCDC /* Stream1.glsl in Resources */,
				C46A0B921FFB68790055FCDC /* Stream2.glsl in Resources */,
				C46A0B861FFB68790055FCDC /* Gap.glsl in Resources */,
				C46A0B8C1FFB68790055FCDC /* InkFlow.glsl in Resources */,
				C46A0B841FFB68790055FCDC /* Collide1.glsl in Resources */,
				C46A0B871FFB68790055FCDC /* GetVelDen.glsl in Resources */,
				C4690A6B1FF645AE009E9600 /* alum2.jpg in Resources */,
			);
			runOnlyForDeploymentPostprocessing = 0;
		};
/* End PBXResourcesBuildPhase section */

/* Begin PBXSourcesBuildPhase section */
		C4C500501FF48BD7004DDC11 /* Sources */ = {
			isa = PBXSourcesBuildPhase;
			buildActionMask = 2147483647;
			files = (
				C4C5005F1FF48BD7004DDC11 /* ViewController.m in Sources */,
				C4B106402011F90500162533 /* FZGetZFilter.m in Sources */,
				C4B106342011F7B200162533 /* FZCollide2Filter.m in Sources */,
				C4B1064F2011FA0200162533 /* FZInkXFrFilter.m in Sources */,
				C4B1063A2011F7F600162533 /* FZGetVelDenFilter.m in Sources */,
				C4C500761FF49B45004DDC11 /* FilterCircle.m in Sources */,
				C4B106552011FA9C00162533 /* FZStream1Filter.m in Sources */,
				C445E126200C401A009A4E36 /* FZFramebufferPingPong.m in Sources */,
				C43BEE482008B01100B3DD2E /* FZAddPigmentFilter.m in Sources */,
				C46A0B961FFB6A010055FCDC /* FZInkSim.m in Sources */,
				C45866C61FFF76D200BCBC5E /* TestDraw.m in Sources */,
				C46C5B121FFCA94E00B3F259 /* FZTexture.m in Sources */,
				C4B1063D2011F83300162533 /* FZGetXYZFilter.m in Sources */,
				C4B106492011F98E00162533 /* FZInkSupplyFilter.m in Sources */,
				C4B106312011F78600162533 /* FZCollide1Filter.m in Sources */,
				C4B106462011F98000162533 /* FZInkFilter.m in Sources */,
				C4B1064C2011F9F300162533 /* FZInkXAmtFilter.m in Sources */,
				C4B1062E2011F76B00162533 /* FZBlockFilter.m in Sources */,
				C4B106162011C85100162533 /* FZAddWaterFilter.m in Sources */,
				C4C500791FF4C9D0004DDC11 /* FilterLine.m in Sources */,
				C4C5005C1FF48BD7004DDC11 /* AppDelegate.m in Sources */,
				C4B106372011F7DB00162533 /* FZGapFilter.m in Sources */,
				C4C500591FF48BD7004DDC11 /* main.m in Sources */,
				C4B106432011F91400162533 /* FZInkFlowFilter.m in Sources */,
				C4B106582011FAAF00162533 /* FZStream2Filter.m in Sources */,
				C445E12A200C9B47009A4E36 /* FZPassthroughFilter.m in Sources */,
				C4B106522011FA3200162533 /* FZInkXToFilter.m in Sources */,
				C45866A51FFF4BE100BCBC5E /* FZFramebuffer.m in Sources */,
			);
			runOnlyForDeploymentPostprocessing = 0;
		};
/* End PBXSourcesBuildPhase section */

/* Begin PBXVariantGroup section */
		C4C500601FF48BD7004DDC11 /* Main.storyboard */ = {
			isa = PBXVariantGroup;
			children = (
				C4C500611FF48BD7004DDC11 /* Base */,
			);
			name = Main.storyboard;
			sourceTree = "<group>";
		};
		C4C500651FF48BD7004DDC11 /* LaunchScreen.storyboard */ = {
			isa = PBXVariantGroup;
			children = (
				C4C500661FF48BD7004DDC11 /* Base */,
			);
			name = LaunchScreen.storyboard;
			sourceTree = "<group>";
		};
/* End PBXVariantGroup section */

/* Begin XCBuildConfiguration section */
		C4C500691FF48BD7004DDC11 /* Debug */ = {
			isa = XCBuildConfiguration;
			buildSettings = {
				ALWAYS_SEARCH_USER_PATHS = NO;
				CLANG_ANALYZER_NONNULL = YES;
				CLANG_ANALYZER_NUMBER_OBJECT_CONVERSION = YES_AGGRESSIVE;
				CLANG_CXX_LANGUAGE_STANDARD = "gnu++0x";
				CLANG_CXX_LIBRARY = "libc++";
				CLANG_ENABLE_MODULES = YES;
				CLANG_ENABLE_OBJC_ARC = YES;
				CLANG_WARN_BOOL_CONVERSION = YES;
				CLANG_WARN_CONSTANT_CONVERSION = YES;
				CLANG_WARN_DIRECT_OBJC_ISA_USAGE = YES_ERROR;
				CLANG_WARN_DOCUMENTATION_COMMENTS = YES;
				CLANG_WARN_EMPTY_BODY = YES;
				CLANG_WARN_ENUM_CONVERSION = YES;
				CLANG_WARN_INFINITE_RECURSION = YES;
				CLANG_WARN_INT_CONVERSION = YES;
				CLANG_WARN_OBJC_ROOT_CLASS = YES_ERROR;
				CLANG_WARN_SUSPICIOUS_MOVE = YES;
				CLANG_WARN_UNREACHABLE_CODE = YES;
				CLANG_WARN__DUPLICATE_METHOD_MATCH = YES;
				"CODE_SIGN_IDENTITY[sdk=iphoneos*]" = "iPhone Developer";
				COPY_PHASE_STRIP = NO;
				DEBUG_INFORMATION_FORMAT = dwarf;
				ENABLE_STRICT_OBJC_MSGSEND = YES;
				ENABLE_TESTABILITY = YES;
				GCC_C_LANGUAGE_STANDARD = gnu99;
				GCC_DYNAMIC_NO_PIC = NO;
				GCC_NO_COMMON_BLOCKS = YES;
				GCC_OPTIMIZATION_LEVEL = 0;
				GCC_PREPROCESSOR_DEFINITIONS = (
					"DEBUG=1",
					"$(inherited)",
				);
				GCC_WARN_64_TO_32_BIT_CONVERSION = YES;
				GCC_WARN_ABOUT_RETURN_TYPE = YES_ERROR;
				GCC_WARN_UNDECLARED_SELECTOR = YES;
				GCC_WARN_UNINITIALIZED_AUTOS = YES_AGGRESSIVE;
				GCC_WARN_UNUSED_FUNCTION = YES;
				GCC_WARN_UNUSED_VARIABLE = YES;
				IPHONEOS_DEPLOYMENT_TARGET = 10.3;
				MTL_ENABLE_DEBUG_INFO = YES;
				ONLY_ACTIVE_ARCH = YES;
				SDKROOT = iphoneos;
			};
			name = Debug;
		};
		C4C5006A1FF48BD7004DDC11 /* Release */ = {
			isa = XCBuildConfiguration;
			buildSettings = {
				ALWAYS_SEARCH_USER_PATHS = NO;
				CLANG_ANALYZER_NONNULL = YES;
				CLANG_ANALYZER_NUMBER_OBJECT_CONVERSION = YES_AGGRESSIVE;
				CLANG_CXX_LANGUAGE_STANDARD = "gnu++0x";
				CLANG_CXX_LIBRARY = "libc++";
				CLANG_ENABLE_MODULES = YES;
				CLANG_ENABLE_OBJC_ARC = YES;
				CLANG_WARN_BOOL_CONVERSION = YES;
				CLANG_WARN_CONSTANT_CONVERSION = YES;
				CLANG_WARN_DIRECT_OBJC_ISA_USAGE = YES_ERROR;
				CLANG_WARN_DOCUMENTATION_COMMENTS = YES;
				CLANG_WARN_EMPTY_BODY = YES;
				CLANG_WARN_ENUM_CONVERSION = YES;
				CLANG_WARN_INFINITE_RECURSION = YES;
				CLANG_WARN_INT_CONVERSION = YES;
				CLANG_WARN_OBJC_ROOT_CLASS = YES_ERROR;
				CLANG_WARN_SUSPICIOUS_MOVE = YES;
				CLANG_WARN_UNREACHABLE_CODE = YES;
				CLANG_WARN__DUPLICATE_METHOD_MATCH = YES;
				"CODE_SIGN_IDENTITY[sdk=iphoneos*]" = "iPhone Developer";
				COPY_PHASE_STRIP = NO;
				DEBUG_INFORMATION_FORMAT = "dwarf-with-dsym";
				ENABLE_NS_ASSERTIONS = NO;
				ENABLE_STRICT_OBJC_MSGSEND = YES;
				GCC_C_LANGUAGE_STANDARD = gnu99;
				GCC_NO_COMMON_BLOCKS = YES;
				GCC_WARN_64_TO_32_BIT_CONVERSION = YES;
				GCC_WARN_ABOUT_RETURN_TYPE = YES_ERROR;
				GCC_WARN_UNDECLARED_SELECTOR = YES;
				GCC_WARN_UNINITIALIZED_AUTOS = YES_AGGRESSIVE;
				GCC_WARN_UNUSED_FUNCTION = YES;
				GCC_WARN_UNUSED_VARIABLE = YES;
				IPHONEOS_DEPLOYMENT_TARGET = 10.3;
				MTL_ENABLE_DEBUG_INFO = NO;
				SDKROOT = iphoneos;
				VALIDATE_PRODUCT = YES;
			};
			name = Release;
		};
		C4C5006C1FF48BD7004DDC11 /* Debug */ = {
			isa = XCBuildConfiguration;
			buildSettings = {
				ASSETCATALOG_COMPILER_APPICON_NAME = AppIcon;
				DEVELOPMENT_TEAM = A27D4545KT;
				FRAMEWORK_SEARCH_PATHS = (
					"$(inherited)",
					"$(PROJECT_DIR)/GPUMultiFIlter",
				);
				INFOPLIST_FILE = GPUMultiFIlter/Info.plist;
				IPHONEOS_DEPLOYMENT_TARGET = 9.0;
				LD_RUNPATH_SEARCH_PATHS = "$(inherited) @executable_path/Frameworks";
				OTHER_LDFLAGS = "-ObjC";
				PRODUCT_BUNDLE_IDENTIFIER = com.rfchina.com.GPUMultiFIlter;
				PRODUCT_NAME = "$(TARGET_NAME)";
				PROVISIONING_PROFILE = "8985e07d-1a72-49fe-bc91-cd3e72e4d04f";
				PROVISIONING_PROFILE_SPECIFIER = SLWildcardDevelop;
			};
			name = Debug;
		};
		C4C5006D1FF48BD7004DDC11 /* Release */ = {
			isa = XCBuildConfiguration;
			buildSettings = {
				ASSETCATALOG_COMPILER_APPICON_NAME = AppIcon;
				DEVELOPMENT_TEAM = "";
				FRAMEWORK_SEARCH_PATHS = (
					"$(inherited)",
					"$(PROJECT_DIR)/GPUMultiFIlter",
				);
				INFOPLIST_FILE = GPUMultiFIlter/Info.plist;
				IPHONEOS_DEPLOYMENT_TARGET = 9.0;
				LD_RUNPATH_SEARCH_PATHS = "$(inherited) @executable_path/Frameworks";
				OTHER_LDFLAGS = "-ObjC";
				PRODUCT_BUNDLE_IDENTIFIER = com.rfchina.com.GPUMultiFIlter;
				PRODUCT_NAME = "$(TARGET_NAME)";
				PROVISIONING_PROFILE_SPECIFIER = "";
			};
			name = Release;
		};
/* End XCBuildConfiguration section */

/* Begin XCConfigurationList section */
		C4C5004F1FF48BD7004DDC11 /* Build configuration list for PBXProject "GPUMultiFIlter" */ = {
			isa = XCConfigurationList;
			buildConfigurations = (
				C4C500691FF48BD7004DDC11 /* Debug */,
				C4C5006A1FF48BD7004DDC11 /* Release */,
			);
			defaultConfigurationIsVisible = 0;
			defaultConfigurationName = Release;
		};
		C4C5006B1FF48BD7004DDC11 /* Build configuration list for PBXNativeTarget "GPUMultiFIlter" */ = {
			isa = XCConfigurationList;
			buildConfigurations = (
				C4C5006C1FF48BD7004DDC11 /* Debug */,
				C4C5006D1FF48BD7004DDC11 /* Release */,
			);
			defaultConfigurationIsVisible = 0;
			defaultConfigurationName = Release;
		};
/* End XCConfigurationList section */
	};
	rootObject = C4C5004C1FF48BD7004DDC11 /* Project object */;
}
